{
    "name": "@spacebarchat/medooze-webrtc",
    "version": "1.0.8",
    "lockfileVersion": 3,
    "requires": true,
    "packages": {
        "": {
            "name": "@spacebarchat/medooze-webrtc",
            "version": "1.0.8",
            "license": "AGPL-3.0-only",
            "dependencies": {
                "@spacebarchat/medooze-media-server": "^1.156.8",
                "semantic-sdp": "^3.31.1"
            },
            "devDependencies": {
                "@spacebarchat/spacebar-webrtc-types": "^1.0.1",
                "@types/node": "^20.17.1",
                "typescript": "^5.9.3"
            },
            "peerDependencies": {
                "@spacebarchat/spacebar-webrtc-types": "^1.0.1"
            }
        },
        "node_modules/@dank074/medooze-media-server-src": {
            "version": "3.1.2",
            "resolved": "https://registry.npmjs.org/@dank074/medooze-media-server-src/-/medooze-media-server-src-3.1.2.tgz",
            "integrity": "sha512-2FPvMruHWBdPOZSNTOeq77nIH2jg7zy7oR46NrqR/SSVH4h/u1bMSZrYOFkYMl3uubBa0G4imHaz9R9ljRXEtw==",
            "peer": true
        },
        "node_modules/@spacebarchat/medooze-media-server": {
            "version": "1.156.8",
            "resolved": "https://registry.npmjs.org/@spacebarchat/medooze-media-server/-/medooze-media-server-1.156.8.tgz",
            "integrity": "sha512-oSY5B/KPF1K4+OO2M+EyqoouiVmOvqJpGFZ+1hSaRs6YWVRoH4Vhhs433QARZ3ng46GPj8GcAJDbqC25UwYRlw==",
            "hasInstallScript": true,
            "license": "MIT",
            "dependencies": {
                "lfsr": "0.0.3",
                "medooze-event-emitter": "^1.2.0",
                "nan": "^2.25.0",
                "semantic-sdp": "^3.31.1",
                "uuid": "^13.0.0"
            },
            "optionalDependencies": {
                "netlink": "^0"
            },
            "peerDependencies": {
                "@dank074/medooze-media-server-src": "^3.1.2"
            }
        },
        "node_modules/@spacebarchat/spacebar-webrtc-types": {
            "version": "1.0.1",
            "resolved": "https://registry.npmjs.org/@spacebarchat/spacebar-webrtc-types/-/spacebar-webrtc-types-1.0.1.tgz",
            "integrity": "sha512-WfBRUN2520w7o5vU9HNDug9alNvydQP7H/jwAy8LeHTHwlMMUw/60A54FQDIAtsahw787fR3QZ83UGjhKDzDTg==",
            "dev": true,
            "license": "AGPL-3.0-only"
        },
        "node_modules/@types/node": {
            "version": "20.17.30",
            "resolved": "https://registry.npmjs.org/@types/node/-/node-20.17.30.tgz",
            "integrity": "sha512-7zf4YyHA+jvBNfVrk2Gtvs6x7E8V+YDW05bNfG2XkWDJfYRXrTiP/DsB2zSYTaHX0bGIujTBQdMVAhb+j7mwpg==",
            "dev": true,
            "license": "MIT",
            "dependencies": {
                "undici-types": "~6.19.2"
            }
        },
        "node_modules/equals-ignore-case": {
            "version": "1.0.1",
            "resolved": "https://registry.npmjs.org/equals-ignore-case/-/equals-ignore-case-1.0.1.tgz",
            "integrity": "sha512-krgK/Px09jhcc7wK5/lxApRv7XmIT/fSgrMwdaW/V1FmPJEIJMNGEMhe0U9tJ/97rPe75MHKPRqi7/8Tqz6NMA==",
            "license": "ISC"
        },
        "node_modules/lfsr": {
            "version": "0.0.3",
            "resolved": "https://registry.npmjs.org/lfsr/-/lfsr-0.0.3.tgz",
            "integrity": "sha512-ULgtgP6beEo825H4BExHQgNeD3YuKK/roMnWKdDbWA/g1PzFPkAb2tF0yPdMCF4T4OJ6LhzhG3TRQu56usjFfA==",
            "license": "MIT"
        },
        "node_modules/medooze-event-emitter": {
            "version": "1.2.1",
            "resolved": "https://registry.npmjs.org/medooze-event-emitter/-/medooze-event-emitter-1.2.1.tgz",
            "integrity": "sha512-1gu3IGm+aj6xdjVKNdE8qABP6s4/m6qNUKxmEg5LOLxsNNd9AB+/h/K4iAN77338e/XxigTdfuzk0EZMyTw0Pw==",
            "license": "MIT"
        },
        "node_modules/nan": {
            "version": "2.25.0",
            "resolved": "https://registry.npmjs.org/nan/-/nan-2.25.0.tgz",
            "integrity": "sha512-0M90Ag7Xn5KMLLZ7zliPWP3rT90P6PN+IzVFS0VqmnPktBk3700xUVv8Ikm9EUaUE5SDWdp/BIxdENzVznpm1g==",
            "license": "MIT"
        },
        "node_modules/netlink": {
            "version": "0.3.0",
            "resolved": "https://registry.npmjs.org/netlink/-/netlink-0.3.0.tgz",
            "integrity": "sha512-rv4E4AAdtzhmltFKdzgOPSrFqM/D5YcJR+t99zwoQ997KMmx0W52AxyUkOILyk+zGZzr7U9M60BXoSTHfkmCPg==",
            "hasInstallScript": true,
            "license": "MIT",
            "optional": true,
            "dependencies": {
                "@types/node": "^12.0.0",
                "node-addon-api": "*",
                "node-gyp-build": "^4.2.3"
            },
            "engines": {
                "node": ">=10.0.0"
            }
        },
        "node_modules/netlink/node_modules/@types/node": {
            "version": "12.20.55",
            "resolved": "https://registry.npmjs.org/@types/node/-/node-12.20.55.tgz",
            "integrity": "sha512-J8xLz7q2OFulZ2cyGTLE1TbbZcjpno7FaN6zdJNrgAdrJ+DZzh/uFR6YrTb4C+nXakvud8Q4+rbhoIWlYQbUFQ==",
            "license": "MIT",
            "optional": true
        },
        "node_modules/node-addon-api": {
            "version": "8.4.0",
            "resolved": "https://registry.npmjs.org/node-addon-api/-/node-addon-api-8.4.0.tgz",
            "integrity": "sha512-D9DI/gXHvVmjHS08SVch0Em8G5S1P+QWtU31appcKT/8wFSPRcdHadIFSAntdMMVM5zz+/DL+bL/gz3UDppqtg==",
            "license": "MIT",
            "optional": true,
            "engines": {
                "node": "^18 || ^20 || >= 21"
            }
        },
        "node_modules/node-gyp-build": {
            "version": "4.8.4",
            "resolved": "https://registry.npmjs.org/node-gyp-build/-/node-gyp-build-4.8.4.tgz",
            "integrity": "sha512-LA4ZjwlnUblHVgq0oBF3Jl/6h/Nvs5fzBLwdEF4nuxnFdsfajde4WfxtJr3CaiH+F6ewcIB/q4jQ4UzPyid+CQ==",
            "license": "MIT",
            "optional": true,
            "bin": {
                "node-gyp-build": "bin.js",
                "node-gyp-build-optional": "optional.js",
                "node-gyp-build-test": "build-test.js"
            }
        },
        "node_modules/randombytes": {
            "version": "2.1.0",
            "resolved": "https://registry.npmjs.org/randombytes/-/randombytes-2.1.0.tgz",
            "integrity": "sha512-vYl3iOX+4CKUWuxGi9Ukhie6fsqXqS9FE2Zaic4tNFD2N2QQaXOMFbuKK4QmDHC0JO6B1Zp41J0LpT0oR68amQ==",
            "license": "MIT",
            "dependencies": {
                "safe-buffer": "^5.1.0"
            }
        },
        "node_modules/safe-buffer": {
            "version": "5.2.1",
            "resolved": "https://registry.npmjs.org/safe-buffer/-/safe-buffer-5.2.1.tgz",
            "integrity": "sha512-rp3So07KcdmmKbGvgaNxQSJr7bGVSVk5S9Eq1F+ppbRo70+YeaDxkw5Dd8NPN+GD6bjnYm2VuPuCXmpuYvmCXQ==",
            "funding": [
                {
                    "type": "github",
                    "url": "https://github.com/sponsors/feross"
                },
                {
                    "type": "patreon",
                    "url": "https://www.patreon.com/feross"
                },
                {
                    "type": "consulting",
                    "url": "https://feross.org/support"
                }
            ],
            "license": "MIT"
        },
        "node_modules/sdp-transform": {
            "version": "2.15.0",
            "resolved": "https://registry.npmjs.org/sdp-transform/-/sdp-transform-2.15.0.tgz",
            "integrity": "sha512-KrOH82c/W+GYQ0LHqtr3caRpM3ITglq3ljGUIb8LTki7ByacJZ9z+piSGiwZDsRyhQbYBOBJgr2k6X4BZXi3Kw==",
            "license": "MIT",
            "bin": {
                "sdp-verify": "checker.js"
            }
        },
        "node_modules/semantic-sdp": {
            "version": "3.31.1",
            "resolved": "https://registry.npmjs.org/semantic-sdp/-/semantic-sdp-3.31.1.tgz",
            "integrity": "sha512-esBGP11uWeHyvGwqDT1sf1p45H+kb7m5D49TIBHwYXXepzDFD24ar91eIwBQ8kwWWO8MNZfizsZ7CvBgYV9GuA==",
            "license": "MIT",
            "dependencies": {
                "equals-ignore-case": "^1.0.0",
                "randombytes": "^2.0.3",
                "sdp-transform": "^2"
            }
        },
        "node_modules/typescript": {
            "version": "5.9.3",
            "resolved": "https://registry.npmjs.org/typescript/-/typescript-5.9.3.tgz",
            "integrity": "sha512-jl1vZzPDinLr9eUt3J/t7V6FgNEw9QjvBPdysz9KfQDD41fQrC2Y4vKQdiaUpFT4bXlb1RHhLpp8wtm6M5TgSw==",
            "dev": true,
            "license": "Apache-2.0",
            "bin": {
                "tsc": "bin/tsc",
                "tsserver": "bin/tsserver"
            },
            "engines": {
                "node": ">=14.17"
            }
        },
        "node_modules/undici-types": {
            "version": "6.19.8",
            "resolved": "https://registry.npmjs.org/undici-types/-/undici-types-6.19.8.tgz",
            "integrity": "sha512-ve2KP6f/JnbPBFyobGHuerC9g1FYGn/F8n1LWTwNxCEzd6IfqTwUQcNXgEtmmQ6DlRrC1hrSrBnCZPokRrDHjw==",
            "dev": true,
            "license": "MIT"
        },
        "node_modules/uuid": {
            "version": "13.0.0",
            "resolved": "https://registry.npmjs.org/uuid/-/uuid-13.0.0.tgz",
            "integrity": "sha512-XQegIaBTVUjSHliKqcnFqYypAd4S+WCYt5NIeRs6w/UAry7z8Y9j5ZwRRL4kzq9U3sD6v+85er9FvkEaBpji2w==",
            "funding": [
                "https://github.com/sponsors/broofa",
                "https://github.com/sponsors/ctavan"
            ],
            "license": "MIT",
            "bin": {
                "uuid": "dist-node/bin/uuid"
            }
        }
    }
}
